
Microsoft Visual Studio Solution File, Format Version 12.00
# Visual Studio Version 17
VisualStudioVersion = 17.5.33516.290
MinimumVisualStudioVersion = 10.0.40219.1
Project("{FAE04EC0-301F-11D3-BF4B-00C04F79EFBC}") = "Cadastro de Alunos", "Cadastro de Alunos\Cadastro de Alunos.csproj", "{1105A570-37B3-4620-A195-D11ADE989353}"
EndProject
Global
	GlobalSection(SolutionConfigurationPlatforms) = preSolution
		Debug|Any CPU = Debug|Any CPU
		Release|Any CPU = Release|Any CPU
	EndGlobalSection
	GlobalSection(ProjectConfigurationPlatforms) = postSolution
		{1105A570-37B3-4620-A195-D11ADE989353}.Debug|Any CPU.ActiveCfg = Debug|Any CPU
		{1105A570-37B3-4620-A195-D11ADE989353}.Debug|Any CPU.Build.0 = Debug|Any CPU
		{1105A570-37B3-4620-A195-D11ADE989353}.Release|Any CPU.ActiveCfg = Release|Any CPU
		{1105A570-37B3-4620-A195-D11ADE989353}.Release|Any CPU.Build.0 = Release|Any CPU
	EndGlobalSection
	GlobalSection(SolutionProperties) = preSolution
		HideSolutionNode = FALSE
	EndGlobalSection
	GlobalSection(ExtensibilityGlobals) = postSolution
		SolutionGuid = {6B168A5D-5F7D-499F-84C2-A36F963D6D3F}
	EndGlobalSection
EndGlobal
